{
	"name": "@modus/gimbal-plugin-last-value",
	"version": "2.0.0-dev",
	"lockfileVersion": 1,
	"requires": true,
	"dependencies": {
		"@types/bytes": {
			"version": "3.1.0",
			"resolved": "https://registry.npmjs.org/@types/bytes/-/bytes-3.1.0.tgz",
			"integrity": "sha512-5YG1AiIC8HPPXRvYAIa7ehK3YMAwd0DWiPCtpuL9sgKceWLyWsVtLRA+lT4NkoanDNF9slwQ66lPizWDpgRlWA==",
			"dev": true
		},
		"@types/minimist": {
			"version": "1.2.0",
			"resolved": "https://registry.npmjs.org/@types/minimist/-/minimist-1.2.0.tgz",
			"integrity": "sha1-aaI6OtKcrwCX8G7aWbNh7i8GOfY=",
			"dev": true
		},
		"bytes": {
			"version": "3.1.0",
			"resolved": "https://registry.npmjs.org/bytes/-/bytes-3.1.0.tgz",
			"integrity": "sha512-zauLjrfCG+xvoyaqLoV8bLVXXNGC4JqlxFCutSDWA6fJrTo2ZuvLYTqZ7aHBLZSMOopbzwv8f+wZcVzfVTI2Dg=="
		},
		"deepmerge": {
			"version": "4.2.2",
			"resolved": "https://registry.npmjs.org/deepmerge/-/deepmerge-4.2.2.tgz",
			"integrity": "sha512-FJ3UgI4gIl+PHZm53knsuSFpE+nESMr7M4v9QcgB7S63Kj/6WqMiFQJpBBYz1Pt+66bZpP3Q7Lye0Oo9MPKEdg=="
		},
		"minimist": {
			"version": "1.2.5",
			"resolved": "https://registry.npmjs.org/minimist/-/minimist-1.2.5.tgz",
			"integrity": "sha512-FM9nNUYrRBAELZQT3xeZQ7fmMOBg6nWNmJKTcgsJeaLstP/UODVpGsr5OhXhhXg6f+qtJ8uiZ+PUxkDWcgIXLw=="
		}
	}
}
